{
  "lockfile_version": "1",
  "packages": {
    "ansible-doctor@8.4.0": {
      "last_modified": "2026-08-16T22:25:34Z",
      "resolved": "github:NixOS/nixpkgs/21e032ff95225fb81164a2b2b696c5f6841fcb62#ansible-doctor",
      "source": "devbox-search",
      "version": "8.4.0",
      "systems": {
        "aarch64-darwin": {
          "outputs": [
            {
              "name": "out",
              "path": "/nix/store/f3k52qv6dpsmanf0vhxyvaflqb5gf38m-ansible-doctor-8.4.0",
              "default": true
            },
            {
              "name": "dist",
              "path": "/nix/store/q7s7f7m4j1gw4szqa0js1di7ld19pfia-ansible-doctor-8.4.0-dist"
            }
          ],
          "store_path": "/nix/store/f3k52qv6dpsmanf0vhxyvaflqb5gf38m-ansible-doctor-8.4.0"
        },
        "aarch64-linux": {
          "outputs": [
            {
              "name": "out",
              "path": "/nix/store/03h74wg3nkv02i8vy0qcvv4jsvk97xfa-ansible-doctor-8.4.0",
              "default": true
            },
            {
              "name": "dist",
              "path": "/nix/store/l9302zz4p68w4xa2mqlbrjyqslnsz3mh-ansible-doctor-8.4.0-dist"
            }
          ],
          "store_path": "/nix/store/03h74wg3nkv02i8vy0qcvv4jsvk97xfa-ansible-doctor-8.4.0"
        },
        "x86_64-linux": {
          "outputs": [
            {
              "name": "out",
              "path": "/nix/store/jnifn32nfir78mdb9p2qg547qy0l9x1r-ansible-doctor-8.4.0",
              "default": true
            },
            {
              "name": "dist",
              "path": "/nix/store/gkhgnsgi9x4b25bgb849rhakvgxrg36f-ansible-doctor-8.4.0-dist"
            }
          ],
          "store_path": "/nix/store/jnifn32nfir78mdb9p2qg547qy0l9x1r-ansible-doctor-8.4.0"
        }
      }
    },
    "ansible-lint@25.8.2": {
      "last_modified": "2026-03-21T07:29:51Z",
      "resolved": "github:NixOS/nixpkgs/09061f748ee21f68a089cd5d91ec1859cd93d0be#ansible-lint",
      "source": "devbox-search",
      "version": "25.8.2",
      "systems": {
        "aarch64-darwin": {
          "outputs": [
            {
              "name": "out",
              "path": "/nix/store/hqp0zh500xjjp3lckd3xphp7pqqxcv13-ansible-lint-25.8.2",
              "default": true
            },
            {
              "name": "dist",
              "path": "/nix/store/fdmdzbnh1qvfnj4vfqisfdhc3yfjfis3-ansible-lint-25.8.2-dist"
            }
          ],
          "store_path": "/nix/store/hqp0zh500xjjp3lckd3xphp7pqqxcv13-ansible-lint-25.8.2"
        },
        "aarch64-linux": {
          "outputs": [
            {
              "name": "out",
              "path": "/nix/store/vg60j4xb5lrvdpc1r1niijw9hp31ibgy-ansible-lint-25.8.2",
              "default": true
            },
            {
              "name": "dist",
              "path": "/nix/store/gq6qmi6ysivms44fn13qmnl4j2dc3ijr-ansible-lint-25.8.2-dist"
            }
          ],
          "store_path": "/nix/store/vg60j4xb5lrvdpc1r1niijw9hp31ibgy-ansible-lint-25.8.2"
        },
        "x86_64-darwin": {
          "outputs": [
            {
              "name": "out",
              "path": "/nix/store/k3prxpac6f4fgba5yf26z5s3nhkdccb1-ansible-lint-25.8.2",
              "default": true
            },
            {
              "name": "dist",
              "path": "/nix/store/8psh83ivnlkfkaf4qs11s4j29g49nc1g-ansible-lint-25.8.2-dist"
            }
          ],
          "store_path": "/nix/store/k3prxpac6f4fgba5yf26z5s3nhkdccb1-ansible-lint-25.8.2"
        },
        "x86_64-linux": {
          "outputs": [
            {
              "name": "out",
              "path": "/nix/store/rxs637fqk0bkqmflmcrrr9w3i8rsylwz-ansible-lint-25.8.2",
              "default": true
            },
            {
              "name": "dist",
              "path": "/nix/store/dgbz1d4hmabyz4fjhgkjrc2k4xp0h5nh-ansible-lint-25.8.2-dist"
            }
          ],
          "store_path": "/nix/store/rxs637fqk0bkqmflmcrrr9w3i8rsylwz-ansible-lint-25.8.2"
        }
      }
    },
    "git@2.55.0": {
      "last_modified": "2026-07-23T05:10:05Z",
      "resolved": "github:NixOS/nixpkgs/7525d999cd850b9a488817abc89c75dc733acf17#git",
      "source": "devbox-search",
      "version": "2.55.0",
      "systems": {
        "aarch64-darwin": {
          "outputs": [
            {
              "name": "out",
              "path": "/nix/store/mm146m54sdyyqlgn1vs1y2ha8qkqbq4d-git-2.55.0",
              "default": true
            },
            {
              "name": "doc",
              "path": "/nix/store/6zngfmnwj4f1i6y81sbp2ni3nfzbhapr-git-2.55.0-doc"
            }
          ],
          "store_path": "/nix/store/mm146m54sdyyqlgn1vs1y2ha8qkqbq4d-git-2.55.0"
        },
        "aarch64-linux": {
          "outputs": [
            {
              "name": "out",
              "path": "/nix/store/m5pr759k6l5w4pry4d96nk47hj8pq1fp-git-2.55.0",
              "default": true
            },
            {
              "name": "debug",
              "path": "/nix/store/3vz6cdc94ch6vyfvs2hsr3di4a112dcl-git-2.55.0-debug"
            },
            {
              "name": "doc",
              "path": "/nix/store/7i5h1q53czyr7pi9zv5ljdyi3x88w362-git-2.55.0-doc"
            }
          ],
          "store_path": "/nix/store/m5pr759k6l5w4pry4d96nk47hj8pq1fp-git-2.55.0"
        },
        "x86_64-linux": {
          "outputs": [
            {
              "name": "out",
              "path": "/nix/store/rq1vg974qcxzb9dazz9dbq2qm72r9fa4-git-2.55.0",
              "default": true
            },
            {
              "name": "debug",
              "path": "/nix/store/q36dlq816877n8is15shkyhcwp1d4va1-git-2.55.0-debug"
            },
            {
              "name": "doc",
              "path": "/nix/store/kbddl0iwydskifb753jn5zhzayazzfwm-git-2.55.0-doc"
            }
          ],
          "store_path": "/nix/store/rq1vg974qcxzb9dazz9dbq2qm72r9fa4-git-2.55.0"
        }
      }
    },
    "github:NixOS/nixpkgs/nixpkgs-unstable": {
      "last_modified": "2026-03-16T02:27:38Z",
      "resolved": "github:NixOS/nixpkgs/f8573b9c935cfaa162dd62cc9e75ae2db86f85df?lastModified=1773628058&narHash=sha256-hpXH0z3K9xv0fHaje136KY872VT2T5uwxtezlAskQgY%3D"
    },
    "go-task@3.52.0": {
      "last_modified": "2026-08-16T22:25:34Z",
      "resolved": "github:NixOS/nixpkgs/21e032ff95225fb81164a2b2b696c5f6841fcb62#go-task",
      "source": "devbox-search",
      "version": "3.52.0",
      "systems": {
        "aarch64-darwin": {
          "outputs": [
            {
              "name": "out",
              "path": "/nix/store/cai65hxx8nfq0pcy1jsi9bpf9rdkgm8d-go-task-3.52.0",
              "default": true
            }
          ],
          "store_path": "/nix/store/cai65hxx8nfq0pcy1jsi9bpf9rdkgm8d-go-task-3.52.0"
        },
        "aarch64-linux": {
          "outputs": [
            {
              "name": "out",
              "path": "/nix/store/viya59rc1708vqi0g67kzmsnvn4ql3gn-go-task-3.52.0",
              "default": true
            }
          ],
          "store_path": "/nix/store/viya59rc1708vqi0g67kzmsnvn4ql3gn-go-task-3.52.0"
        },
        "x86_64-linux": {
          "outputs": [
            {
              "name": "out",
              "path": "/nix/store/x9x07fj5xhwp1riqms54b75izn59xdch-go-task-3.52.0",
              "default": true
            }
          ],
          "store_path": "/nix/store/x9x07fj5xhwp1riqms54b75izn59xdch-go-task-3.52.0"
        }
      }
    },
    "podman@5.8.6": {
      "last_modified": "2026-08-17T19:09:21Z",
      "resolved": "github:NixOS/nixpkgs/8b7dc2ca50dd99ca3af5af1436b06b5adb1e54c9#podman",
      "source": "devbox-search",
      "version": "5.8.6",
      "systems": {
        "aarch64-darwin": {
          "outputs": [
            {
              "name": "out",
              "path": "/nix/store/kjxx8x4jj2y7wm5iq0c77zp19b1m4fhq-podman-5.8.6",
              "default": true
            },
            {
              "name": "man",
              "path": "/nix/store/svwcqv7y6q1hlvriiq1kyl6vy328xgdj-podman-5.8.6-man",
              "default": true
            }
          ],
          "store_path": "/nix/store/kjxx8x4jj2y7wm5iq0c77zp19b1m4fhq-podman-5.8.6"
        },
        "aarch64-linux": {
          "outputs": [
            {
              "name": "out",
              "path": "/nix/store/gzdvnmdksczq1dmggyb8kl3v267p2s6g-podman-5.8.6",
              "default": true
            },
            {
              "name": "man",
              "path": "/nix/store/dph5rbw6qk1pfcxidgis9psr2cj93v3p-podman-5.8.6-man",
              "default": true
            }
          ],
          "store_path": "/nix/store/gzdvnmdksczq1dmggyb8kl3v267p2s6g-podman-5.8.6"
        },
        "x86_64-linux": {
          "outputs": [
            {
              "name": "out",
              "path": "/nix/store/jk1hrk5wqxvnrrkhz6d4x44fmg6i4bdy-podman-5.8.6",
              "default": true
            },
            {
              "name": "man",
              "path": "/nix/store/4726rqwwiw6x2varna529kibyyh2cj34-podman-5.8.6-man",
              "default": true
            }
          ],
          "store_path": "/nix/store/jk1hrk5wqxvnrrkhz6d4x44fmg6i4bdy-podman-5.8.6"
        }
      }
    },
    "prek@0.4.14": {
      "last_modified": "2026-08-18T19:57:02Z",
      "resolved": "github:NixOS/nixpkgs/5c680dac9f02fe3ab5088be3a4d509d8a5b12430#prek",
      "source": "devbox-search",
      "version": "0.4.14",
      "systems": {
        "aarch64-darwin": {
          "outputs": [
            {
              "name": "out",
              "path": "/nix/store/7n8mgszynxys8r788k2cqcl5xbbdjka8-prek-0.4.14",
              "default": true
            }
          ],
          "store_path": "/nix/store/7n8mgszynxys8r788k2cqcl5xbbdjka8-prek-0.4.14"
        },
        "aarch64-linux": {
          "outputs": [
            {
              "name": "out",
              "path": "/nix/store/ldnw917aqvyxcxg9mr7fyxbvhyjyz7j7-prek-0.4.14",
              "default": true
            }
          ],
          "store_path": "/nix/store/ldnw917aqvyxcxg9mr7fyxbvhyjyz7j7-prek-0.4.14"
        },
        "x86_64-linux": {
          "outputs": [
            {
              "name": "out",
              "path": "/nix/store/n7cq6kxkq64jgm1bs952ibl64l0181x1-prek-0.4.14",
              "default": true
            }
          ],
          "store_path": "/nix/store/n7cq6kxkq64jgm1bs952ibl64l0181x1-prek-0.4.14"
        }
      }
    },
    "python313Packages.ansible@14.3.1": {
      "last_modified": "2026-08-22T18:41:35Z",
      "resolved": "github:NixOS/nixpkgs/174eb786fb68e3a13e4e535a3deea479a0c07a6a#python313Packages.ansible",
      "source": "devbox-search",
      "version": "14.3.1",
      "systems": {
        "aarch64-darwin": {
          "outputs": [
            {
              "name": "out",
              "path": "/nix/store/4vxrxjaafrj5gax7c5fzykk362z8sjac-python3.13-ansible-14.3.1",
              "default": true
            },
            {
              "name": "dist",
              "path": "/nix/store/mr1ig6rllg9q1ypli74ifykzgmkizbd1-python3.13-ansible-14.3.1-dist"
            }
          ],
          "store_path": "/nix/store/4vxrxjaafrj5gax7c5fzykk362z8sjac-python3.13-ansible-14.3.1"
        },
        "aarch64-linux": {
          "outputs": [
            {
              "name": "out",
              "path": "/nix/store/nw1vlr8hf9pqkcgwcnpdfgcll0lmabk4-python3.13-ansible-14.3.1",
              "default": true
            },
            {
              "name": "dist",
              "path": "/nix/store/7im4106d18nmgb8ikw3m9ys6cklzqav2-python3.13-ansible-14.3.1-dist"
            }
          ],
          "store_path": "/nix/store/nw1vlr8hf9pqkcgwcnpdfgcll0lmabk4-python3.13-ansible-14.3.1"
        },
        "x86_64-linux": {
          "outputs": [
            {
              "name": "out",
              "path": "/nix/store/jxig32fb42b8skrfk92im6abhvnbbsdv-python3.13-ansible-14.3.1",
              "default": true
            },
            {
              "name": "dist",
              "path": "/nix/store/jpj8c8042gisrfklm6b2nvlc2hik05jc-python3.13-ansible-14.3.1-dist"
            }
          ],
          "store_path": "/nix/store/jxig32fb42b8skrfk92im6abhvnbbsdv-python3.13-ansible-14.3.1"
        }
      }
    },
    "python313Packages.molecule-plugins@25.8.12": {
      "last_modified": "2026-06-11T01:27:03Z",
      "resolved": "github:NixOS/nixpkgs/b503dde361500433ca25a32e8f4d218bf58fb659#python313Packages.molecule-plugins",
      "source": "devbox-search",
      "version": "25.8.12",
      "systems": {
        "aarch64-darwin": {
          "outputs": [
            {
              "name": "out",
              "path": "/nix/store/rqifd28w8xhj0akdqv5qz4c4p3frpdmn-python3.13-molecule-plugins-25.8.12",
              "default": true
            },
            {
              "name": "dist",
              "path": "/nix/store/nx5kgqz99w038wvhc66mzx6x43643llb-python3.13-molecule-plugins-25.8.12-dist"
            }
          ],
          "store_path": "/nix/store/rqifd28w8xhj0akdqv5qz4c4p3frpdmn-python3.13-molecule-plugins-25.8.12"
        },
        "aarch64-linux": {
          "outputs": [
            {
              "name": "out",
              "path": "/nix/store/lqvk91nmc8glg1znpmm4924yqhmydrjf-python3.13-molecule-plugins-25.8.12",
              "default": true
            },
            {
              "name": "dist",
              "path": "/nix/store/1lg3v7ygqwf0r1pv8yj1p5di93bd652c-python3.13-molecule-plugins-25.8.12-dist"
            }
          ],
          "store_path": "/nix/store/lqvk91nmc8glg1znpmm4924yqhmydrjf-python3.13-molecule-plugins-25.8.12"
        },
        "x86_64-darwin": {
          "outputs": [
            {
              "name": "out",
              "path": "/nix/store/i4gbs09hby22dysib03bn25a9j5ivhdx-python3.13-molecule-plugins-25.8.12",
              "default": true
            },
            {
              "name": "dist",
              "path": "/nix/store/4zs6a0nqs00kxjk9wg0krkzrkrqcfm28-python3.13-molecule-plugins-25.8.12-dist"
            }
          ],
          "store_path": "/nix/store/i4gbs09hby22dysib03bn25a9j5ivhdx-python3.13-molecule-plugins-25.8.12"
        },
        "x86_64-linux": {
          "outputs": [
            {
              "name": "out",
              "path": "/nix/store/frv5vplnkpq1lq62ap4js0shw1a7wbrn-python3.13-molecule-plugins-25.8.12",
              "default": true
            },
            {
              "name": "dist",
              "path": "/nix/store/gadjdj1cc03lia6rj3fq98m7bwq39z2i-python3.13-molecule-plugins-25.8.12-dist"
            }
          ],
          "store_path": "/nix/store/frv5vplnkpq1lq62ap4js0shw1a7wbrn-python3.13-molecule-plugins-25.8.12"
        }
      }
    },
    "python313Packages.molecule@26.6.0": {
      "last_modified": "2026-07-03T16:41:56Z",
      "resolved": "github:NixOS/nixpkgs/0c190cd98e1f30cdbeff0ca149b2b17564a4a30e#python313Packages.molecule",
      "source": "devbox-search",
      "version": "26.6.0",
      "systems": {
        "aarch64-darwin": {
          "outputs": [
            {
              "name": "out",
              "path": "/nix/store/hcffwhxi7ar3smj7pd84bag5sia3dg1f-python3.13-molecule-26.6.0",
              "default": true
            },
            {
              "name": "dist",
              "path": "/nix/store/pk37mldxc8gfmg9gwynalbbz49xz43nd-python3.13-molecule-26.6.0-dist"
            }
          ],
          "store_path": "/nix/store/hcffwhxi7ar3smj7pd84bag5sia3dg1f-python3.13-molecule-26.6.0"
        },
        "aarch64-linux": {
          "outputs": [
            {
              "name": "out",
              "path": "/nix/store/0wfj1h8sh7sfb90mqyhnac575j2vkalg-python3.13-molecule-26.6.0",
              "default": true
            },
            {
              "name": "dist",
              "path": "/nix/store/yb6kc12hgjzn39fpkbcaz17chdp610hg-python3.13-molecule-26.6.0-dist"
            }
          ],
          "store_path": "/nix/store/0wfj1h8sh7sfb90mqyhnac575j2vkalg-python3.13-molecule-26.6.0"
        },
        "x86_64-darwin": {
          "outputs": [
            {
              "name": "out",
              "path": "/nix/store/3k7v1bwv4hsanfv7q5fhhwrk0jvq4fmm-python3.13-molecule-26.6.0",
              "default": true
            },
            {
              "name": "dist",
              "path": "/nix/store/gjf592qaqh8i53gwz3x6h868lzxa5xkh-python3.13-molecule-26.6.0-dist"
            }
          ],
          "store_path": "/nix/store/3k7v1bwv4hsanfv7q5fhhwrk0jvq4fmm-python3.13-molecule-26.6.0"
        },
        "x86_64-linux": {
          "outputs": [
            {
              "name": "out",
              "path": "/nix/store/0nkq8ijy6xff53snr42562724hd1v2i8-python3.13-molecule-26.6.0",
              "default": true
            },
            {
              "name": "dist",
              "path": "/nix/store/fy558xd451dsnqhzdx268c06rbncvfpg-python3.13-molecule-26.6.0-dist"
            }
          ],
          "store_path": "/nix/store/0nkq8ijy6xff53snr42562724hd1v2i8-python3.13-molecule-26.6.0"
        }
      }
    },
    "python313Packages.pytest-ansible@26.6.0": {
      "last_modified": "2026-07-11T07:21:12Z",
      "resolved": "github:NixOS/nixpkgs/770b9bbb84018993c8f009d437fff6c2e3077037#python313Packages.pytest-ansible",
      "source": "devbox-search",
      "version": "26.6.0",
      "systems": {
        "aarch64-darwin": {
          "outputs": [
            {
              "name": "out",
              "path": "/nix/store/ldljr0bkj6v20yc2schqhrx2bp400kfs-python3.13-pytest-ansible-26.6.0",
              "default": true
            },
            {
              "name": "dist",
              "path": "/nix/store/h1310l85ga454ra1a681h4j4bk7i2r71-python3.13-pytest-ansible-26.6.0-dist"
            }
          ],
          "store_path": "/nix/store/ldljr0bkj6v20yc2schqhrx2bp400kfs-python3.13-pytest-ansible-26.6.0"
        },
        "aarch64-linux": {
          "outputs": [
            {
              "name": "out",
              "path": "/nix/store/ipp7gkxjvh7dhxz7y2j3b06nfkkpyrvh-python3.13-pytest-ansible-26.6.0",
              "default": true
            },
            {
              "name": "dist",
              "path": "/nix/store/3z82b8fir6715bj7pfsfhr7hkyn62iiy-python3.13-pytest-ansible-26.6.0-dist"
            }
          ],
          "store_path": "/nix/store/ipp7gkxjvh7dhxz7y2j3b06nfkkpyrvh-python3.13-pytest-ansible-26.6.0"
        },
        "x86_64-linux": {
          "outputs": [
            {
              "name": "out",
              "path": "/nix/store/a9rljhbkiin9ncinrr94m2dm9a1hkv1a-python3.13-pytest-ansible-26.6.0",
              "default": true
            },
            {
              "name": "dist",
              "path": "/nix/store/s105p1k760ip5778yljrabpxvgx47f3f-python3.13-pytest-ansible-26.6.0-dist"
            }
          ],
          "store_path": "/nix/store/a9rljhbkiin9ncinrr94m2dm9a1hkv1a-python3.13-pytest-ansible-26.6.0"
        }
      }
    },
    "python313Packages.pytest@9.1.1": {
      "last_modified": "2026-07-23T05:10:05Z",
      "resolved": "github:NixOS/nixpkgs/7525d999cd850b9a488817abc89c75dc733acf17#python313Packages.pytest",
      "source": "devbox-search",
      "version": "9.1.1",
      "systems": {
        "aarch64-darwin": {
          "outputs": [
            {
              "name": "out",
              "path": "/nix/store/iijgwrs7rlildqdz04xsi29j3sm7pgwv-python3.13-pytest-9.1.1",
              "default": true
            },
            {
              "name": "dist",
              "path": "/nix/store/ym2igjwalckkzx46xv74d7nzkb90hmab-python3.13-pytest-9.1.1-dist"
            },
            {
              "name": "testout",
              "path": "/nix/store/fhw8apxjqcks29dbf7yys1f8dzzdfla0-python3.13-pytest-9.1.1-testout"
            }
          ],
          "store_path": "/nix/store/iijgwrs7rlildqdz04xsi29j3sm7pgwv-python3.13-pytest-9.1.1"
        },
        "aarch64-linux": {
          "outputs": [
            {
              "name": "out",
              "path": "/nix/store/mys5slgsa11jkbfz737m4qan18ggwlax-python3.13-pytest-9.1.1",
              "default": true
            },
            {
              "name": "dist",
              "path": "/nix/store/q80h600bfff8km26r9a0286p13ar2bsq-python3.13-pytest-9.1.1-dist"
            },
            {
              "name": "testout",
              "path": "/nix/store/r28iarwdli0pqplhs6xrhkllsv3r86jv-python3.13-pytest-9.1.1-testout"
            }
          ],
          "store_path": "/nix/store/mys5slgsa11jkbfz737m4qan18ggwlax-python3.13-pytest-9.1.1"
        },
        "x86_64-linux": {
          "outputs": [
            {
              "name": "out",
              "path": "/nix/store/9x6vxb1f26gk4lpi08ji1z8sdpb1clvc-python3.13-pytest-9.1.1",
              "default": true
            },
            {
              "name": "dist",
              "path": "/nix/store/ys6ly96zpfn6wfmdcvvd6hsc1lsx3h3v-python3.13-pytest-9.1.1-dist"
            },
            {
              "name": "testout",
              "path": "/nix/store/mb7iw7cfiwyxd2pzi22sr1k1z7v9x8ls-python3.13-pytest-9.1.1-testout"
            }
          ],
          "store_path": "/nix/store/9x6vxb1f26gk4lpi08ji1z8sdpb1clvc-python3.13-pytest-9.1.1"
        }
      }
    },
    "python313Packages.ruff@0.16.4": {
      "last_modified": "2026-08-25T04:16:28Z",
      "resolved": "github:NixOS/nixpkgs/ac6b2166e7a9375683b8e98f860f273222337b16#python313Packages.ruff",
      "source": "devbox-search",
      "version": "0.16.4",
      "systems": {
        "aarch64-darwin": {
          "outputs": [
            {
              "name": "out",
              "path": "/nix/store/r2id0bd691czhjsmrl37iwlpgc7m523b-python3.13-ruff-0.16.4",
              "default": true
            },
            {
              "name": "dist",
              "path": "/nix/store/c4n8n593nz1sjih6sn4syc0vpfx38632-python3.13-ruff-0.16.4-dist"
            }
          ],
          "store_path": "/nix/store/r2id0bd691czhjsmrl37iwlpgc7m523b-python3.13-ruff-0.16.4"
        },
        "aarch64-linux": {
          "outputs": [
            {
              "name": "out",
              "path": "/nix/store/a1h4gs0xww8d9sfyll7f9xxgpxyrqsnb-python3.13-ruff-0.16.4",
              "default": true
            },
            {
              "name": "dist",
              "path": "/nix/store/vi72x3b8iqs8nz5ln8nnqfs573b8w819-python3.13-ruff-0.16.4-dist"
            }
          ],
          "store_path": "/nix/store/a1h4gs0xww8d9sfyll7f9xxgpxyrqsnb-python3.13-ruff-0.16.4"
        },
        "x86_64-linux": {
          "outputs": [
            {
              "name": "out",
              "path": "/nix/store/8v82kpgd3rbxyiwxlk496nbhq2pjbm7v-python3.13-ruff-0.16.4",
              "default": true
            },
            {
              "name": "dist",
              "path": "/nix/store/p6i6kvhl0w71zx2cdi4p20kfnncp6frx-python3.13-ruff-0.16.4-dist"
            }
          ],
          "store_path": "/nix/store/8v82kpgd3rbxyiwxlk496nbhq2pjbm7v-python3.13-ruff-0.16.4"
        }
      }
    },
    "yamllint@1.37.1": {
      "last_modified": "2026-03-21T07:29:51Z",
      "resolved": "github:NixOS/nixpkgs/09061f748ee21f68a089cd5d91ec1859cd93d0be#yamllint",
      "source": "devbox-search",
      "version": "1.37.1",
      "systems": {
        "aarch64-darwin": {
          "outputs": [
            {
              "name": "out",
              "path": "/nix/store/wp52lk8jljswszlkgamkqi0r9aing6b2-python3.13-yamllint-1.37.1",
              "default": true
            },
            {
              "name": "dist",
              "path": "/nix/store/n4cgdjhziayaa6f8inbsnxfn7m7dj6av-python3.13-yamllint-1.37.1-dist"
            }
          ],
          "store_path": "/nix/store/wp52lk8jljswszlkgamkqi0r9aing6b2-python3.13-yamllint-1.37.1"
        },
        "aarch64-linux": {
          "outputs": [
            {
              "name": "out",
              "path": "/nix/store/cnb4bg2ffkd8ph7a1gg0is0ir97axgrw-python3.13-yamllint-1.37.1",
              "default": true
            },
            {
              "name": "dist",
              "path": "/nix/store/r7x7nzr9f9qqrvjlh2zn1lhfsj5zl53p-python3.13-yamllint-1.37.1-dist"
            }
          ],
          "store_path": "/nix/store/cnb4bg2ffkd8ph7a1gg0is0ir97axgrw-python3.13-yamllint-1.37.1"
        },
        "x86_64-darwin": {
          "outputs": [
            {
              "name": "out",
              "path": "/nix/store/c44w7ql63rpll8gpm3zilfyk66ga05jj-python3.13-yamllint-1.37.1",
              "default": true
            },
            {
              "name": "dist",
              "path": "/nix/store/srq9fv2527yl60z1jlw5ar4hp0lidl1d-python3.13-yamllint-1.37.1-dist"
            }
          ],
          "store_path": "/nix/store/c44w7ql63rpll8gpm3zilfyk66ga05jj-python3.13-yamllint-1.37.1"
        },
        "x86_64-linux": {
          "outputs": [
            {
              "name": "out",
              "path": "/nix/store/rj9x2a2kw9dgvx3ilby4pam411k5qhdd-python3.13-yamllint-1.37.1",
              "default": true
            },
            {
              "name": "dist",
              "path": "/nix/store/94j466r33whxs830rfd65p1qk86c2hg1-python3.13-yamllint-1.37.1-dist"
            }
          ],
          "store_path": "/nix/store/rj9x2a2kw9dgvx3ilby4pam411k5qhdd-python3.13-yamllint-1.37.1"
        }
      }
    }
  }
}
