{
  "lockfile_version": "1",
  "packages": {
    "ansible-doctor@8.3.3": {
      "last_modified": "2026-06-27T07:37:20Z",
      "resolved": "github:NixOS/nixpkgs/3d46470bb3030020f7e1361f33514854f5bfa86d#ansible-doctor",
      "source": "devbox-search",
      "version": "8.3.3",
      "systems": {
        "aarch64-darwin": {
          "outputs": [
            {
              "name": "out",
              "path": "/nix/store/m8c68xp9b89c8ybdx7wba21anr46gm5g-ansible-doctor-8.3.3",
              "default": true
            },
            {
              "name": "dist",
              "path": "/nix/store/924xp14580f2ngd7x8bpfigyyq5ccvs7-ansible-doctor-8.3.3-dist"
            }
          ],
          "store_path": "/nix/store/m8c68xp9b89c8ybdx7wba21anr46gm5g-ansible-doctor-8.3.3"
        },
        "aarch64-linux": {
          "outputs": [
            {
              "name": "out",
              "path": "/nix/store/7cjl7gjf1msp5yjsanfpfi5bp2g2fx8p-ansible-doctor-8.3.3",
              "default": true
            },
            {
              "name": "dist",
              "path": "/nix/store/5shg0a6y3l6ahx6hdnycgjlyl07x5a82-ansible-doctor-8.3.3-dist"
            }
          ],
          "store_path": "/nix/store/7cjl7gjf1msp5yjsanfpfi5bp2g2fx8p-ansible-doctor-8.3.3"
        },
        "x86_64-darwin": {
          "outputs": [
            {
              "name": "out",
              "path": "/nix/store/4jiga2fkmkb8jac76a63kp62yk018amk-ansible-doctor-8.3.3",
              "default": true
            },
            {
              "name": "dist",
              "path": "/nix/store/fg6zk4zq38rvxwv4pcqkpvsa91m831db-ansible-doctor-8.3.3-dist"
            }
          ],
          "store_path": "/nix/store/4jiga2fkmkb8jac76a63kp62yk018amk-ansible-doctor-8.3.3"
        },
        "x86_64-linux": {
          "outputs": [
            {
              "name": "out",
              "path": "/nix/store/4wzqqd1mq36pg7q185smhazngbdi2mzb-ansible-doctor-8.3.3",
              "default": true
            },
            {
              "name": "dist",
              "path": "/nix/store/4jafynh9dmbcz29bag7q13lrkxgvbk00-ansible-doctor-8.3.3-dist"
            }
          ],
          "store_path": "/nix/store/4wzqqd1mq36pg7q185smhazngbdi2mzb-ansible-doctor-8.3.3"
        }
      }
    },
    "ansible-lint@25.8.2": {
      "last_modified": "2026-03-21T07:29:51Z",
      "resolved": "github:NixOS/nixpkgs/09061f748ee21f68a089cd5d91ec1859cd93d0be#ansible-lint",
      "source": "devbox-search",
      "version": "25.8.2",
      "systems": {
        "aarch64-darwin": {
          "outputs": [
            {
              "name": "out",
              "path": "/nix/store/hqp0zh500xjjp3lckd3xphp7pqqxcv13-ansible-lint-25.8.2",
              "default": true
            },
            {
              "name": "dist",
              "path": "/nix/store/fdmdzbnh1qvfnj4vfqisfdhc3yfjfis3-ansible-lint-25.8.2-dist"
            }
          ],
          "store_path": "/nix/store/hqp0zh500xjjp3lckd3xphp7pqqxcv13-ansible-lint-25.8.2"
        },
        "aarch64-linux": {
          "outputs": [
            {
              "name": "out",
              "path": "/nix/store/vg60j4xb5lrvdpc1r1niijw9hp31ibgy-ansible-lint-25.8.2",
              "default": true
            },
            {
              "name": "dist",
              "path": "/nix/store/gq6qmi6ysivms44fn13qmnl4j2dc3ijr-ansible-lint-25.8.2-dist"
            }
          ],
          "store_path": "/nix/store/vg60j4xb5lrvdpc1r1niijw9hp31ibgy-ansible-lint-25.8.2"
        },
        "x86_64-darwin": {
          "outputs": [
            {
              "name": "out",
              "path": "/nix/store/k3prxpac6f4fgba5yf26z5s3nhkdccb1-ansible-lint-25.8.2",
              "default": true
            },
            {
              "name": "dist",
              "path": "/nix/store/8psh83ivnlkfkaf4qs11s4j29g49nc1g-ansible-lint-25.8.2-dist"
            }
          ],
          "store_path": "/nix/store/k3prxpac6f4fgba5yf26z5s3nhkdccb1-ansible-lint-25.8.2"
        },
        "x86_64-linux": {
          "outputs": [
            {
              "name": "out",
              "path": "/nix/store/rxs637fqk0bkqmflmcrrr9w3i8rsylwz-ansible-lint-25.8.2",
              "default": true
            },
            {
              "name": "dist",
              "path": "/nix/store/dgbz1d4hmabyz4fjhgkjrc2k4xp0h5nh-ansible-lint-25.8.2-dist"
            }
          ],
          "store_path": "/nix/store/rxs637fqk0bkqmflmcrrr9w3i8rsylwz-ansible-lint-25.8.2"
        }
      }
    },
    "git@2.55.0": {
      "last_modified": "2026-07-23T05:10:05Z",
      "resolved": "github:NixOS/nixpkgs/7525d999cd850b9a488817abc89c75dc733acf17#git",
      "source": "devbox-search",
      "version": "2.55.0",
      "systems": {
        "aarch64-darwin": {
          "outputs": [
            {
              "name": "out",
              "path": "/nix/store/mm146m54sdyyqlgn1vs1y2ha8qkqbq4d-git-2.55.0",
              "default": true
            },
            {
              "name": "doc",
              "path": "/nix/store/6zngfmnwj4f1i6y81sbp2ni3nfzbhapr-git-2.55.0-doc"
            }
          ],
          "store_path": "/nix/store/mm146m54sdyyqlgn1vs1y2ha8qkqbq4d-git-2.55.0"
        },
        "aarch64-linux": {
          "outputs": [
            {
              "name": "out",
              "path": "/nix/store/m5pr759k6l5w4pry4d96nk47hj8pq1fp-git-2.55.0",
              "default": true
            },
            {
              "name": "debug",
              "path": "/nix/store/3vz6cdc94ch6vyfvs2hsr3di4a112dcl-git-2.55.0-debug"
            },
            {
              "name": "doc",
              "path": "/nix/store/7i5h1q53czyr7pi9zv5ljdyi3x88w362-git-2.55.0-doc"
            }
          ],
          "store_path": "/nix/store/m5pr759k6l5w4pry4d96nk47hj8pq1fp-git-2.55.0"
        },
        "x86_64-linux": {
          "outputs": [
            {
              "name": "out",
              "path": "/nix/store/rq1vg974qcxzb9dazz9dbq2qm72r9fa4-git-2.55.0",
              "default": true
            },
            {
              "name": "debug",
              "path": "/nix/store/q36dlq816877n8is15shkyhcwp1d4va1-git-2.55.0-debug"
            },
            {
              "name": "doc",
              "path": "/nix/store/kbddl0iwydskifb753jn5zhzayazzfwm-git-2.55.0-doc"
            }
          ],
          "store_path": "/nix/store/rq1vg974qcxzb9dazz9dbq2qm72r9fa4-git-2.55.0"
        }
      }
    },
    "github:NixOS/nixpkgs/nixpkgs-unstable": {
      "last_modified": "2026-03-16T02:27:38Z",
      "resolved": "github:NixOS/nixpkgs/f8573b9c935cfaa162dd62cc9e75ae2db86f85df?lastModified=1773628058&narHash=sha256-hpXH0z3K9xv0fHaje136KY872VT2T5uwxtezlAskQgY%3D"
    },
    "go-task@3.48.0": {
      "last_modified": "2026-03-21T07:29:51Z",
      "resolved": "github:NixOS/nixpkgs/09061f748ee21f68a089cd5d91ec1859cd93d0be#go-task",
      "source": "devbox-search",
      "version": "3.48.0",
      "systems": {
        "aarch64-darwin": {
          "outputs": [
            {
              "name": "out",
              "path": "/nix/store/sab4xhgi6cs6rnxsx33dxqg2zcir52rm-go-task-3.48.0",
              "default": true
            }
          ],
          "store_path": "/nix/store/sab4xhgi6cs6rnxsx33dxqg2zcir52rm-go-task-3.48.0"
        },
        "aarch64-linux": {
          "outputs": [
            {
              "name": "out",
              "path": "/nix/store/cidnjfhcp1qyxjih6qaa61hfyxy5k5ap-go-task-3.48.0",
              "default": true
            }
          ],
          "store_path": "/nix/store/cidnjfhcp1qyxjih6qaa61hfyxy5k5ap-go-task-3.48.0"
        },
        "x86_64-darwin": {
          "outputs": [
            {
              "name": "out",
              "path": "/nix/store/nxbwqrg7jx4l16q1c37kr510cv0cz1cw-go-task-3.48.0",
              "default": true
            }
          ],
          "store_path": "/nix/store/nxbwqrg7jx4l16q1c37kr510cv0cz1cw-go-task-3.48.0"
        },
        "x86_64-linux": {
          "outputs": [
            {
              "name": "out",
              "path": "/nix/store/qxs1p264gzz3nficzss2nsp7fs5cdi31-go-task-3.48.0",
              "default": true
            }
          ],
          "store_path": "/nix/store/qxs1p264gzz3nficzss2nsp7fs5cdi31-go-task-3.48.0"
        }
      }
    },
    "podman@5.8.4": {
      "last_modified": "2026-06-28T17:12:19Z",
      "resolved": "github:NixOS/nixpkgs/534ee3d8beb1737b5342995f8837e2b2705ce0d8#podman",
      "source": "devbox-search",
      "version": "5.8.4",
      "systems": {
        "aarch64-linux": {
          "outputs": [
            {
              "name": "out",
              "path": "/nix/store/v4igh71l48jffh8365yzf5zsvvgwjw22-podman-5.8.4",
              "default": true
            },
            {
              "name": "man",
              "path": "/nix/store/x402aq192rsq51q6n86z4ibsng58s9p5-podman-5.8.4-man",
              "default": true
            }
          ],
          "store_path": "/nix/store/v4igh71l48jffh8365yzf5zsvvgwjw22-podman-5.8.4"
        },
        "x86_64-linux": {
          "outputs": [
            {
              "name": "out",
              "path": "/nix/store/9r9fzfgrdwsgshz4rpv2093y4lv3nrfh-podman-5.8.4",
              "default": true
            },
            {
              "name": "man",
              "path": "/nix/store/hxnj6bx3kfay36jf6ds7i60j40h5db9q-podman-5.8.4-man",
              "default": true
            }
          ],
          "store_path": "/nix/store/9r9fzfgrdwsgshz4rpv2093y4lv3nrfh-podman-5.8.4"
        }
      }
    },
    "prek@0.4.10": {
      "last_modified": "2026-08-01T16:34:20Z",
      "resolved": "github:NixOS/nixpkgs/a5cbcfe954791221bfffe2307f7d1a1bf61a871e#prek",
      "source": "devbox-search",
      "version": "0.4.10",
      "systems": {
        "aarch64-darwin": {
          "outputs": [
            {
              "name": "out",
              "path": "/nix/store/plfgv9vypicf6dkcigm4p8iqyxnqc26n-prek-0.4.10",
              "default": true
            }
          ],
          "store_path": "/nix/store/plfgv9vypicf6dkcigm4p8iqyxnqc26n-prek-0.4.10"
        },
        "aarch64-linux": {
          "outputs": [
            {
              "name": "out",
              "path": "/nix/store/xayxls1146z501jzarabbpjq1xy6bpda-prek-0.4.10",
              "default": true
            }
          ],
          "store_path": "/nix/store/xayxls1146z501jzarabbpjq1xy6bpda-prek-0.4.10"
        },
        "x86_64-linux": {
          "outputs": [
            {
              "name": "out",
              "path": "/nix/store/7m3xy719rcq90vspd6hpghivww6f9lv9-prek-0.4.10",
              "default": true
            }
          ],
          "store_path": "/nix/store/7m3xy719rcq90vspd6hpghivww6f9lv9-prek-0.4.10"
        }
      }
    },
    "python313Packages.ansible@14.2.0": {
      "last_modified": "2026-08-03T00:04:07Z",
      "resolved": "github:NixOS/nixpkgs/243895692ae2a2fbd08a05141462c0cc0d3ca10f#python313Packages.ansible",
      "source": "devbox-search",
      "version": "14.2.0",
      "systems": {
        "aarch64-darwin": {
          "outputs": [
            {
              "name": "out",
              "path": "/nix/store/vp7df00pdfawaxkskaxbpcbazsa8zk44-python3.13-ansible-14.2.0",
              "default": true
            },
            {
              "name": "dist",
              "path": "/nix/store/pq589cvxcjcxpdwmfzwlwph6n1gaf7ip-python3.13-ansible-14.2.0-dist"
            }
          ],
          "store_path": "/nix/store/vp7df00pdfawaxkskaxbpcbazsa8zk44-python3.13-ansible-14.2.0"
        },
        "aarch64-linux": {
          "outputs": [
            {
              "name": "out",
              "path": "/nix/store/sy0hki2yr5k3msybp1dilgq959pgv637-python3.13-ansible-14.2.0",
              "default": true
            },
            {
              "name": "dist",
              "path": "/nix/store/im9kbgl782mgy38f34cid6vmg1gnr21c-python3.13-ansible-14.2.0-dist"
            }
          ],
          "store_path": "/nix/store/sy0hki2yr5k3msybp1dilgq959pgv637-python3.13-ansible-14.2.0"
        },
        "x86_64-linux": {
          "outputs": [
            {
              "name": "out",
              "path": "/nix/store/7qb48l0ynm6jyk6ydbd54855kvkzmfv3-python3.13-ansible-14.2.0",
              "default": true
            },
            {
              "name": "dist",
              "path": "/nix/store/aczb3i1dbhips4r8sbn87wymd4xn9249-python3.13-ansible-14.2.0-dist"
            }
          ],
          "store_path": "/nix/store/7qb48l0ynm6jyk6ydbd54855kvkzmfv3-python3.13-ansible-14.2.0"
        }
      }
    },
    "python313Packages.molecule-plugins@25.8.12": {
      "last_modified": "2026-06-11T01:27:03Z",
      "resolved": "github:NixOS/nixpkgs/b503dde361500433ca25a32e8f4d218bf58fb659#python313Packages.molecule-plugins",
      "source": "devbox-search",
      "version": "25.8.12",
      "systems": {
        "aarch64-darwin": {
          "outputs": [
            {
              "name": "out",
              "path": "/nix/store/rqifd28w8xhj0akdqv5qz4c4p3frpdmn-python3.13-molecule-plugins-25.8.12",
              "default": true
            },
            {
              "name": "dist",
              "path": "/nix/store/nx5kgqz99w038wvhc66mzx6x43643llb-python3.13-molecule-plugins-25.8.12-dist"
            }
          ],
          "store_path": "/nix/store/rqifd28w8xhj0akdqv5qz4c4p3frpdmn-python3.13-molecule-plugins-25.8.12"
        },
        "aarch64-linux": {
          "outputs": [
            {
              "name": "out",
              "path": "/nix/store/lqvk91nmc8glg1znpmm4924yqhmydrjf-python3.13-molecule-plugins-25.8.12",
              "default": true
            },
            {
              "name": "dist",
              "path": "/nix/store/1lg3v7ygqwf0r1pv8yj1p5di93bd652c-python3.13-molecule-plugins-25.8.12-dist"
            }
          ],
          "store_path": "/nix/store/lqvk91nmc8glg1znpmm4924yqhmydrjf-python3.13-molecule-plugins-25.8.12"
        },
        "x86_64-darwin": {
          "outputs": [
            {
              "name": "out",
              "path": "/nix/store/i4gbs09hby22dysib03bn25a9j5ivhdx-python3.13-molecule-plugins-25.8.12",
              "default": true
            },
            {
              "name": "dist",
              "path": "/nix/store/4zs6a0nqs00kxjk9wg0krkzrkrqcfm28-python3.13-molecule-plugins-25.8.12-dist"
            }
          ],
          "store_path": "/nix/store/i4gbs09hby22dysib03bn25a9j5ivhdx-python3.13-molecule-plugins-25.8.12"
        },
        "x86_64-linux": {
          "outputs": [
            {
              "name": "out",
              "path": "/nix/store/frv5vplnkpq1lq62ap4js0shw1a7wbrn-python3.13-molecule-plugins-25.8.12",
              "default": true
            },
            {
              "name": "dist",
              "path": "/nix/store/gadjdj1cc03lia6rj3fq98m7bwq39z2i-python3.13-molecule-plugins-25.8.12-dist"
            }
          ],
          "store_path": "/nix/store/frv5vplnkpq1lq62ap4js0shw1a7wbrn-python3.13-molecule-plugins-25.8.12"
        }
      }
    },
    "python313Packages.molecule@26.6.0": {
      "last_modified": "2026-07-03T16:41:56Z",
      "resolved": "github:NixOS/nixpkgs/0c190cd98e1f30cdbeff0ca149b2b17564a4a30e#python313Packages.molecule",
      "source": "devbox-search",
      "version": "26.6.0",
      "systems": {
        "aarch64-darwin": {
          "outputs": [
            {
              "name": "out",
              "path": "/nix/store/hcffwhxi7ar3smj7pd84bag5sia3dg1f-python3.13-molecule-26.6.0",
              "default": true
            },
            {
              "name": "dist",
              "path": "/nix/store/pk37mldxc8gfmg9gwynalbbz49xz43nd-python3.13-molecule-26.6.0-dist"
            }
          ],
          "store_path": "/nix/store/hcffwhxi7ar3smj7pd84bag5sia3dg1f-python3.13-molecule-26.6.0"
        },
        "aarch64-linux": {
          "outputs": [
            {
              "name": "out",
              "path": "/nix/store/0wfj1h8sh7sfb90mqyhnac575j2vkalg-python3.13-molecule-26.6.0",
              "default": true
            },
            {
              "name": "dist",
              "path": "/nix/store/yb6kc12hgjzn39fpkbcaz17chdp610hg-python3.13-molecule-26.6.0-dist"
            }
          ],
          "store_path": "/nix/store/0wfj1h8sh7sfb90mqyhnac575j2vkalg-python3.13-molecule-26.6.0"
        },
        "x86_64-darwin": {
          "outputs": [
            {
              "name": "out",
              "path": "/nix/store/3k7v1bwv4hsanfv7q5fhhwrk0jvq4fmm-python3.13-molecule-26.6.0",
              "default": true
            },
            {
              "name": "dist",
              "path": "/nix/store/gjf592qaqh8i53gwz3x6h868lzxa5xkh-python3.13-molecule-26.6.0-dist"
            }
          ],
          "store_path": "/nix/store/3k7v1bwv4hsanfv7q5fhhwrk0jvq4fmm-python3.13-molecule-26.6.0"
        },
        "x86_64-linux": {
          "outputs": [
            {
              "name": "out",
              "path": "/nix/store/0nkq8ijy6xff53snr42562724hd1v2i8-python3.13-molecule-26.6.0",
              "default": true
            },
            {
              "name": "dist",
              "path": "/nix/store/fy558xd451dsnqhzdx268c06rbncvfpg-python3.13-molecule-26.6.0-dist"
            }
          ],
          "store_path": "/nix/store/0nkq8ijy6xff53snr42562724hd1v2i8-python3.13-molecule-26.6.0"
        }
      }
    },
    "python313Packages.pytest-ansible@26.6.0": {
      "last_modified": "2026-07-11T07:21:12Z",
      "resolved": "github:NixOS/nixpkgs/770b9bbb84018993c8f009d437fff6c2e3077037#python313Packages.pytest-ansible",
      "source": "devbox-search",
      "version": "26.6.0",
      "systems": {
        "aarch64-darwin": {
          "outputs": [
            {
              "name": "out",
              "path": "/nix/store/ldljr0bkj6v20yc2schqhrx2bp400kfs-python3.13-pytest-ansible-26.6.0",
              "default": true
            },
            {
              "name": "dist",
              "path": "/nix/store/h1310l85ga454ra1a681h4j4bk7i2r71-python3.13-pytest-ansible-26.6.0-dist"
            }
          ],
          "store_path": "/nix/store/ldljr0bkj6v20yc2schqhrx2bp400kfs-python3.13-pytest-ansible-26.6.0"
        },
        "aarch64-linux": {
          "outputs": [
            {
              "name": "out",
              "path": "/nix/store/ipp7gkxjvh7dhxz7y2j3b06nfkkpyrvh-python3.13-pytest-ansible-26.6.0",
              "default": true
            },
            {
              "name": "dist",
              "path": "/nix/store/3z82b8fir6715bj7pfsfhr7hkyn62iiy-python3.13-pytest-ansible-26.6.0-dist"
            }
          ],
          "store_path": "/nix/store/ipp7gkxjvh7dhxz7y2j3b06nfkkpyrvh-python3.13-pytest-ansible-26.6.0"
        },
        "x86_64-linux": {
          "outputs": [
            {
              "name": "out",
              "path": "/nix/store/a9rljhbkiin9ncinrr94m2dm9a1hkv1a-python3.13-pytest-ansible-26.6.0",
              "default": true
            },
            {
              "name": "dist",
              "path": "/nix/store/s105p1k760ip5778yljrabpxvgx47f3f-python3.13-pytest-ansible-26.6.0-dist"
            }
          ],
          "store_path": "/nix/store/a9rljhbkiin9ncinrr94m2dm9a1hkv1a-python3.13-pytest-ansible-26.6.0"
        }
      }
    },
    "python313Packages.pytest@9.1.1": {
      "last_modified": "2026-07-23T05:10:05Z",
      "resolved": "github:NixOS/nixpkgs/7525d999cd850b9a488817abc89c75dc733acf17#python313Packages.pytest",
      "source": "devbox-search",
      "version": "9.1.1",
      "systems": {
        "aarch64-darwin": {
          "outputs": [
            {
              "name": "out",
              "path": "/nix/store/iijgwrs7rlildqdz04xsi29j3sm7pgwv-python3.13-pytest-9.1.1",
              "default": true
            },
            {
              "name": "dist",
              "path": "/nix/store/ym2igjwalckkzx46xv74d7nzkb90hmab-python3.13-pytest-9.1.1-dist"
            },
            {
              "name": "testout",
              "path": "/nix/store/fhw8apxjqcks29dbf7yys1f8dzzdfla0-python3.13-pytest-9.1.1-testout"
            }
          ],
          "store_path": "/nix/store/iijgwrs7rlildqdz04xsi29j3sm7pgwv-python3.13-pytest-9.1.1"
        },
        "aarch64-linux": {
          "outputs": [
            {
              "name": "out",
              "path": "/nix/store/mys5slgsa11jkbfz737m4qan18ggwlax-python3.13-pytest-9.1.1",
              "default": true
            },
            {
              "name": "dist",
              "path": "/nix/store/q80h600bfff8km26r9a0286p13ar2bsq-python3.13-pytest-9.1.1-dist"
            },
            {
              "name": "testout",
              "path": "/nix/store/r28iarwdli0pqplhs6xrhkllsv3r86jv-python3.13-pytest-9.1.1-testout"
            }
          ],
          "store_path": "/nix/store/mys5slgsa11jkbfz737m4qan18ggwlax-python3.13-pytest-9.1.1"
        },
        "x86_64-linux": {
          "outputs": [
            {
              "name": "out",
              "path": "/nix/store/9x6vxb1f26gk4lpi08ji1z8sdpb1clvc-python3.13-pytest-9.1.1",
              "default": true
            },
            {
              "name": "dist",
              "path": "/nix/store/ys6ly96zpfn6wfmdcvvd6hsc1lsx3h3v-python3.13-pytest-9.1.1-dist"
            },
            {
              "name": "testout",
              "path": "/nix/store/mb7iw7cfiwyxd2pzi22sr1k1z7v9x8ls-python3.13-pytest-9.1.1-testout"
            }
          ],
          "store_path": "/nix/store/9x6vxb1f26gk4lpi08ji1z8sdpb1clvc-python3.13-pytest-9.1.1"
        }
      }
    },
    "python313Packages.ruff@0.16.1": {
      "last_modified": "2026-08-01T16:34:20Z",
      "resolved": "github:NixOS/nixpkgs/a5cbcfe954791221bfffe2307f7d1a1bf61a871e#python313Packages.ruff",
      "source": "devbox-search",
      "version": "0.16.1",
      "systems": {
        "aarch64-darwin": {
          "outputs": [
            {
              "name": "out",
              "path": "/nix/store/gswb28i0lxfxiikr2i5f3xd2xgxisb60-python3.13-ruff-0.16.1",
              "default": true
            },
            {
              "name": "dist",
              "path": "/nix/store/00jsyksi8p20ms4n1nb56xhwy8l1w5y4-python3.13-ruff-0.16.1-dist"
            }
          ],
          "store_path": "/nix/store/gswb28i0lxfxiikr2i5f3xd2xgxisb60-python3.13-ruff-0.16.1"
        },
        "aarch64-linux": {
          "outputs": [
            {
              "name": "out",
              "path": "/nix/store/kk27vba9blsjdqqwimlqm95qkvfg92yz-python3.13-ruff-0.16.1",
              "default": true
            },
            {
              "name": "dist",
              "path": "/nix/store/2f3gi864dhdk9i27gnznx5vhxlq3f3db-python3.13-ruff-0.16.1-dist"
            }
          ],
          "store_path": "/nix/store/kk27vba9blsjdqqwimlqm95qkvfg92yz-python3.13-ruff-0.16.1"
        },
        "x86_64-linux": {
          "outputs": [
            {
              "name": "out",
              "path": "/nix/store/mr5wz2vr2nk1hwbdv2bqckc7samd68p4-python3.13-ruff-0.16.1",
              "default": true
            },
            {
              "name": "dist",
              "path": "/nix/store/ql50daiwf1sdgw7a4bpc88cs94kjnlz8-python3.13-ruff-0.16.1-dist"
            }
          ],
          "store_path": "/nix/store/mr5wz2vr2nk1hwbdv2bqckc7samd68p4-python3.13-ruff-0.16.1"
        }
      }
    },
    "yamllint@1.37.1": {
      "last_modified": "2026-03-21T07:29:51Z",
      "resolved": "github:NixOS/nixpkgs/09061f748ee21f68a089cd5d91ec1859cd93d0be#yamllint",
      "source": "devbox-search",
      "version": "1.37.1",
      "systems": {
        "aarch64-darwin": {
          "outputs": [
            {
              "name": "out",
              "path": "/nix/store/wp52lk8jljswszlkgamkqi0r9aing6b2-python3.13-yamllint-1.37.1",
              "default": true
            },
            {
              "name": "dist",
              "path": "/nix/store/n4cgdjhziayaa6f8inbsnxfn7m7dj6av-python3.13-yamllint-1.37.1-dist"
            }
          ],
          "store_path": "/nix/store/wp52lk8jljswszlkgamkqi0r9aing6b2-python3.13-yamllint-1.37.1"
        },
        "aarch64-linux": {
          "outputs": [
            {
              "name": "out",
              "path": "/nix/store/cnb4bg2ffkd8ph7a1gg0is0ir97axgrw-python3.13-yamllint-1.37.1",
              "default": true
            },
            {
              "name": "dist",
              "path": "/nix/store/r7x7nzr9f9qqrvjlh2zn1lhfsj5zl53p-python3.13-yamllint-1.37.1-dist"
            }
          ],
          "store_path": "/nix/store/cnb4bg2ffkd8ph7a1gg0is0ir97axgrw-python3.13-yamllint-1.37.1"
        },
        "x86_64-darwin": {
          "outputs": [
            {
              "name": "out",
              "path": "/nix/store/c44w7ql63rpll8gpm3zilfyk66ga05jj-python3.13-yamllint-1.37.1",
              "default": true
            },
            {
              "name": "dist",
              "path": "/nix/store/srq9fv2527yl60z1jlw5ar4hp0lidl1d-python3.13-yamllint-1.37.1-dist"
            }
          ],
          "store_path": "/nix/store/c44w7ql63rpll8gpm3zilfyk66ga05jj-python3.13-yamllint-1.37.1"
        },
        "x86_64-linux": {
          "outputs": [
            {
              "name": "out",
              "path": "/nix/store/rj9x2a2kw9dgvx3ilby4pam411k5qhdd-python3.13-yamllint-1.37.1",
              "default": true
            },
            {
              "name": "dist",
              "path": "/nix/store/94j466r33whxs830rfd65p1qk86c2hg1-python3.13-yamllint-1.37.1-dist"
            }
          ],
          "store_path": "/nix/store/rj9x2a2kw9dgvx3ilby4pam411k5qhdd-python3.13-yamllint-1.37.1"
        }
      }
    }
  }
}
